{
  "name": "one",
  "version": "1.0.0",
  "lockfileVersion": 2,
  "requires": true,
  "packages": {
    "": {
      "name": "one",
      "version": "1.0.0",
      "license": "ISC",
      "dependencies": {
        "prisma": "^3.15.0-integration-handle-fmt-panics.14"
      }
    },
    "node_modules/@prisma/engines": {
      "version": "3.15.0-2.879877656957da5213dfa60160090ef7817330c0",
      "resolved": "https://registry.npmjs.org/@prisma/engines/-/engines-3.15.0-2.879877656957da5213dfa60160090ef7817330c0.tgz",
      "integrity": "sha512-7jnIwDs9gmt/TgnVwzPMUvAGlRqNZ80zN+qOMn5QARnnBoQLInr8qSWKVkleQj/xrpcUsNuFKUSbAorfFmwbOw==",
      "hasInstallScript": true
    },
    "node_modules/prisma": {
      "version": "3.15.0-integration-handle-fmt-panics.14",
      "resolved": "https://registry.npmjs.org/prisma/-/prisma-3.15.0-integration-handle-fmt-panics.14.tgz",
      "integrity": "sha512-HlewDNHXntA5MkXB9eLYUgQAyatT/b1F+e8aYKCLz022wS8RNaUodWrfmUefBU2WdFE6MADZOH2DAAO+dPHw+Q==",
      "hasInstallScript": true,
      "dependencies": {
        "@prisma/engines": "3.15.0-2.879877656957da5213dfa60160090ef7817330c0"
      },
      "bin": {
        "prisma": "build/index.js",
        "prisma2": "build/index.js"
      },
      "engines": {
        "node": ">=12.6"
      }
    }
  },
  "dependencies": {
    "@prisma/engines": {
      "version": "3.15.0-2.879877656957da5213dfa60160090ef7817330c0",
      "resolved": "https://registry.npmjs.org/@prisma/engines/-/engines-3.15.0-2.879877656957da5213dfa60160090ef7817330c0.tgz",
      "integrity": "sha512-7jnIwDs9gmt/TgnVwzPMUvAGlRqNZ80zN+qOMn5QARnnBoQLInr8qSWKVkleQj/xrpcUsNuFKUSbAorfFmwbOw=="
    },
    "prisma": {
      "version": "3.15.0-integration-handle-fmt-panics.14",
      "resolved": "https://registry.npmjs.org/prisma/-/prisma-3.15.0-integration-handle-fmt-panics.14.tgz",
      "integrity": "sha512-HlewDNHXntA5MkXB9eLYUgQAyatT/b1F+e8aYKCLz022wS8RNaUodWrfmUefBU2WdFE6MADZOH2DAAO+dPHw+Q==",
      "requires": {
        "@prisma/engines": "3.15.0-2.879877656957da5213dfa60160090ef7817330c0"
      }
    }
  }
}
